
Microsoft Visual Studio Solution File, Format Version 12.00
# Visual Studio Version 16
VisualStudioVersion = 16.0.28803.202
MinimumVisualStudioVersion = 10.0.40219.1
Project("{F184B08F-C81C-45F6-A57F-5ABD9991F28F}") = "estagio_2", "estagio_2\estagio_2.vbproj", "{7E473B4C-6A97-4A99-930E-1B314BBF4A0D}"
EndProject
Global
	GlobalSection(SolutionConfigurationPlatforms) = preSolution
		Debug|Any CPU = Debug|Any CPU
		Release|Any CPU = Release|Any CPU
	EndGlobalSection
	GlobalSection(ProjectConfigurationPlatforms) = postSolution
		{7E473B4C-6A97-4A99-930E-1B314BBF4A0D}.Debug|Any CPU.ActiveCfg = Debug|Any CPU
		{7E473B4C-6A97-4A99-930E-1B314BBF4A0D}.Debug|Any CPU.Build.0 = Debug|Any CPU
		{7E473B4C-6A97-4A99-930E-1B314BBF4A0D}.Release|Any CPU.ActiveCfg = Release|Any CPU
		{7E473B4C-6A97-4A99-930E-1B314BBF4A0D}.Release|Any CPU.Build.0 = Release|Any CPU
	EndGlobalSection
	GlobalSection(SolutionProperties) = preSolution
		HideSolutionNode = FALSE
	EndGlobalSection
	GlobalSection(ExtensibilityGlobals) = postSolution
		SolutionGuid = {F81F5825-DE2B-43B0-9F7A-B306442B57D7}
	EndGlobalSection
EndGlobal
